
Microsoft Visual Studio Solution File, Format Version 12.00
# Visual Studio 15
VisualStudioVersion = 15.0.26124.0
MinimumVisualStudioVersion = 15.0.26124.0
Project("{FAE04EC0-301F-11D3-BF4B-00C04F79EFBC}") = "Config.Service", "Config.Service\Config.Service.csproj", "{4359649B-09C4-4FEF-923F-DFA9280605AB}"
EndProject
Project("{FAE04EC0-301F-11D3-BF4B-00C04F79EFBC}") = "Config.Client", "Config.Client\Config.Client.csproj", "{92FD029F-6149-46F7-8E0B-CA8BA1A02A19}"
EndProject
Global
	GlobalSection(SolutionConfigurationPlatforms) = preSolution
		Debug|Any CPU = Debug|Any CPU
		Debug|x64 = Debug|x64
		Debug|x86 = Debug|x86
		Release|Any CPU = Release|Any CPU
		Release|x64 = Release|x64
		Release|x86 = Release|x86
	EndGlobalSection
	GlobalSection(SolutionProperties) = preSolution
		HideSolutionNode = FALSE
	EndGlobalSection
	GlobalSection(ProjectConfigurationPlatforms) = postSolution
		{4359649B-09C4-4FEF-923F-DFA9280605AB}.Debug|Any CPU.ActiveCfg = Debug|Any CPU
		{4359649B-09C4-4FEF-923F-DFA9280605AB}.Debug|Any CPU.Build.0 = Debug|Any CPU
		{4359649B-09C4-4FEF-923F-DFA9280605AB}.Debug|x64.ActiveCfg = Debug|Any CPU
		{4359649B-09C4-4FEF-923F-DFA9280605AB}.Debug|x64.Build.0 = Debug|Any CPU
		{4359649B-09C4-4FEF-923F-DFA9280605AB}.Debug|x86.ActiveCfg = Debug|Any CPU
		{4359649B-09C4-4FEF-923F-DFA9280605AB}.Debug|x86.Build.0 = Debug|Any CPU
		{4359649B-09C4-4FEF-923F-DFA9280605AB}.Release|Any CPU.ActiveCfg = Release|Any CPU
		{4359649B-09C4-4FEF-923F-DFA9280605AB}.Release|Any CPU.Build.0 = Release|Any CPU
		{4359649B-09C4-4FEF-923F-DFA9280605AB}.Release|x64.ActiveCfg = Release|Any CPU
		{4359649B-09C4-4FEF-923F-DFA9280605AB}.Release|x64.Build.0 = Release|Any CPU
		{4359649B-09C4-4FEF-923F-DFA9280605AB}.Release|x86.ActiveCfg = Release|Any CPU
		{4359649B-09C4-4FEF-923F-DFA9280605AB}.Release|x86.Build.0 = Release|Any CPU
		{92FD029F-6149-46F7-8E0B-CA8BA1A02A19}.Debug|Any CPU.ActiveCfg = Debug|Any CPU
		{92FD029F-6149-46F7-8E0B-CA8BA1A02A19}.Debug|Any CPU.Build.0 = Debug|Any CPU
		{92FD029F-6149-46F7-8E0B-CA8BA1A02A19}.Debug|x64.ActiveCfg = Debug|Any CPU
		{92FD029F-6149-46F7-8E0B-CA8BA1A02A19}.Debug|x64.Build.0 = Debug|Any CPU
		{92FD029F-6149-46F7-8E0B-CA8BA1A02A19}.Debug|x86.ActiveCfg = Debug|Any CPU
		{92FD029F-6149-46F7-8E0B-CA8BA1A02A19}.Debug|x86.Build.0 = Debug|Any CPU
		{92FD029F-6149-46F7-8E0B-CA8BA1A02A19}.Release|Any CPU.ActiveCfg = Release|Any CPU
		{92FD029F-6149-46F7-8E0B-CA8BA1A02A19}.Release|Any CPU.Build.0 = Release|Any CPU
		{92FD029F-6149-46F7-8E0B-CA8BA1A02A19}.Release|x64.ActiveCfg = Release|Any CPU
		{92FD029F-6149-46F7-8E0B-CA8BA1A02A19}.Release|x64.Build.0 = Release|Any CPU
		{92FD029F-6149-46F7-8E0B-CA8BA1A02A19}.Release|x86.ActiveCfg = Release|Any CPU
		{92FD029F-6149-46F7-8E0B-CA8BA1A02A19}.Release|x86.Build.0 = Release|Any CPU
	EndGlobalSection
EndGlobal
